
Microsoft Visual Studio Solution File, Format Version 12.00
# Visual Studio Version 16
VisualStudioVersion = 16.0.33920.266
MinimumVisualStudioVersion = 10.0.40219.1
Project("{FAE04EC0-301F-11D3-BF4B-00C04F79EFBC}") = "ConsoleApp10", "ConsoleApp10.csproj", "{C5A6609F-3308-4313-AD0E-7B01CE21A1F6}"
EndProject
Global
	GlobalSection(SolutionConfigurationPlatforms) = preSolution
		Debug|Any CPU = Debug|Any CPU
		Release|Any CPU = Release|Any CPU
	EndGlobalSection
	GlobalSection(ProjectConfigurationPlatforms) = postSolution
		{C5A6609F-3308-4313-AD0E-7B01CE21A1F6}.Debug|Any CPU.ActiveCfg = Debug|Any CPU
		{C5A6609F-3308-4313-AD0E-7B01CE21A1F6}.Debug|Any CPU.Build.0 = Debug|Any CPU
		{C5A6609F-3308-4313-AD0E-7B01CE21A1F6}.Release|Any CPU.ActiveCfg = Release|Any CPU
		{C5A6609F-3308-4313-AD0E-7B01CE21A1F6}.Release|Any CPU.Build.0 = Release|Any CPU
	EndGlobalSection
	GlobalSection(SolutionProperties) = preSolution
		HideSolutionNode = FALSE
	EndGlobalSection
	GlobalSection(ExtensibilityGlobals) = postSolution
		SolutionGuid = {0CBCD7C8-39E0-40D8-A4FD-29A13AAFD2AD}
	EndGlobalSection
EndGlobal
