
Microsoft Visual Studio Solution File, Format Version 12.00
# Visual Studio Version 16
VisualStudioVersion = 16.0.33920.266
MinimumVisualStudioVersion = 10.0.40219.1
Project("{FAE04EC0-301F-11D3-BF4B-00C04F79EFBC}") = "ConsoleApp9", "ConsoleApp9\ConsoleApp9.csproj", "{0AB06D9B-C0A7-4FA9-935C-8AAC8DF2C657}"
EndProject
Global
	GlobalSection(SolutionConfigurationPlatforms) = preSolution
		Debug|Any CPU = Debug|Any CPU
		Release|Any CPU = Release|Any CPU
	EndGlobalSection
	GlobalSection(ProjectConfigurationPlatforms) = postSolution
		{0AB06D9B-C0A7-4FA9-935C-8AAC8DF2C657}.Debug|Any CPU.ActiveCfg = Debug|Any CPU
		{0AB06D9B-C0A7-4FA9-935C-8AAC8DF2C657}.Debug|Any CPU.Build.0 = Debug|Any CPU
		{0AB06D9B-C0A7-4FA9-935C-8AAC8DF2C657}.Release|Any CPU.ActiveCfg = Release|Any CPU
		{0AB06D9B-C0A7-4FA9-935C-8AAC8DF2C657}.Release|Any CPU.Build.0 = Release|Any CPU
	EndGlobalSection
	GlobalSection(SolutionProperties) = preSolution
		HideSolutionNode = FALSE
	EndGlobalSection
	GlobalSection(ExtensibilityGlobals) = postSolution
		SolutionGuid = {645EAF5D-958E-4230-928E-78E3EE823F34}
	EndGlobalSection
EndGlobal
